
Microsoft Visual Studio Solution File, Format Version 12.00
# Visual Studio Version 17
VisualStudioVersion = 17.0.31903.59
MinimumVisualStudioVersion = 10.0.40219.1
Project("{2150E333-8FDC-42A3-9474-1A3956D46DE8}") = "src", "src", "{45F2468D-C087-486B-9637-AF98AAF34B91}"
EndProject
Project("{9A19103F-16F7-4668-BE54-9A1E7A4F7556}") = "Colosoft.IO.Xap", "src\Colosoft.IO.Xap\Colosoft.IO.Xap.csproj", "{D21FBD99-608A-4886-A8B0-2592F0C5918A}"
EndProject
Project("{9A19103F-16F7-4668-BE54-9A1E7A4F7556}") = "Colosoft.Reflection.Local", "src\Colosoft.Reflection.Local\Colosoft.Reflection.Local.csproj", "{6CD29DE4-C53B-4C8F-A0AC-DA9BD2A84151}"
EndProject
Global
	GlobalSection(SolutionConfigurationPlatforms) = preSolution
		Debug|Any CPU = Debug|Any CPU
		Release|Any CPU = Release|Any CPU
	EndGlobalSection
	GlobalSection(ProjectConfigurationPlatforms) = postSolution
		{D21FBD99-608A-4886-A8B0-2592F0C5918A}.Debug|Any CPU.ActiveCfg = Debug|Any CPU
		{D21FBD99-608A-4886-A8B0-2592F0C5918A}.Debug|Any CPU.Build.0 = Debug|Any CPU
		{D21FBD99-608A-4886-A8B0-2592F0C5918A}.Release|Any CPU.ActiveCfg = Release|Any CPU
		{D21FBD99-608A-4886-A8B0-2592F0C5918A}.Release|Any CPU.Build.0 = Release|Any CPU
		{6CD29DE4-C53B-4C8F-A0AC-DA9BD2A84151}.Debug|Any CPU.ActiveCfg = Debug|Any CPU
		{6CD29DE4-C53B-4C8F-A0AC-DA9BD2A84151}.Debug|Any CPU.Build.0 = Debug|Any CPU
		{6CD29DE4-C53B-4C8F-A0AC-DA9BD2A84151}.Release|Any CPU.ActiveCfg = Release|Any CPU
		{6CD29DE4-C53B-4C8F-A0AC-DA9BD2A84151}.Release|Any CPU.Build.0 = Release|Any CPU
	EndGlobalSection
	GlobalSection(SolutionProperties) = preSolution
		HideSolutionNode = FALSE
	EndGlobalSection
	GlobalSection(NestedProjects) = preSolution
		{D21FBD99-608A-4886-A8B0-2592F0C5918A} = {45F2468D-C087-486B-9637-AF98AAF34B91}
		{6CD29DE4-C53B-4C8F-A0AC-DA9BD2A84151} = {45F2468D-C087-486B-9637-AF98AAF34B91}
	EndGlobalSection
	GlobalSection(ExtensibilityGlobals) = postSolution
		SolutionGuid = {0B4BFAD0-8C34-4ED6-98F3-594986B0609D}
	EndGlobalSection
EndGlobal
